
Microsoft Visual Studio Solution File, Format Version 12.00
# Visual Studio Version 17
VisualStudioVersion = 17.9.34607.119
MinimumVisualStudioVersion = 10.0.40219.1
Project("{9A19103F-16F7-4668-BE54-9A1E7A4F7556}") = "IpAddresses", "IpAddresses\IpAddresses.csproj", "{CAA730E3-D280-4DDB-932B-0D696BC4EB60}"
EndProject
Project("{FAE04EC0-301F-11D3-BF4B-00C04F79EFBC}") = "MSTests", "MSTests\MSTests.csproj", "{562A1A2A-632B-496F-A77B-F34D4A9C1397}"
EndProject
Global
	GlobalSection(SolutionConfigurationPlatforms) = preSolution
		Debug|Any CPU = Debug|Any CPU
		Release|Any CPU = Release|Any CPU
	EndGlobalSection
	GlobalSection(ProjectConfigurationPlatforms) = postSolution
		{CAA730E3-D280-4DDB-932B-0D696BC4EB60}.Debug|Any CPU.ActiveCfg = Debug|Any CPU
		{CAA730E3-D280-4DDB-932B-0D696BC4EB60}.Debug|Any CPU.Build.0 = Debug|Any CPU
		{CAA730E3-D280-4DDB-932B-0D696BC4EB60}.Release|Any CPU.ActiveCfg = Release|Any CPU
		{CAA730E3-D280-4DDB-932B-0D696BC4EB60}.Release|Any CPU.Build.0 = Release|Any CPU
		{562A1A2A-632B-496F-A77B-F34D4A9C1397}.Debug|Any CPU.ActiveCfg = Debug|Any CPU
		{562A1A2A-632B-496F-A77B-F34D4A9C1397}.Debug|Any CPU.Build.0 = Debug|Any CPU
		{562A1A2A-632B-496F-A77B-F34D4A9C1397}.Release|Any CPU.ActiveCfg = Release|Any CPU
		{562A1A2A-632B-496F-A77B-F34D4A9C1397}.Release|Any CPU.Build.0 = Release|Any CPU
	EndGlobalSection
	GlobalSection(SolutionProperties) = preSolution
		HideSolutionNode = FALSE
	EndGlobalSection
	GlobalSection(ExtensibilityGlobals) = postSolution
		SolutionGuid = {1801CA59-E2C6-4D29-9AAC-133B07459C10}
	EndGlobalSection
EndGlobal
